
Microsoft Visual Studio Solution File, Format Version 12.00
# Visual Studio Version 17
VisualStudioVersion = 17.7.34018.315
MinimumVisualStudioVersion = 10.0.40219.1
Project("{9A19103F-16F7-4668-BE54-9A1E7A4F7556}") = "MyChatApp", "MyChatApp\MyChatApp.csproj", "{AAD243D4-2F53-416F-8659-349F8E7B180B}"
EndProject
Project("{FAE04EC0-301F-11D3-BF4B-00C04F79EFBC}") = "MyChatServer", "MyChatServer\MyChatServer.csproj", "{C3122697-6101-48A7-8855-E3CDB47DCFE3}"
EndProject
Global
	GlobalSection(SolutionConfigurationPlatforms) = preSolution
		Debug|Any CPU = Debug|Any CPU
		Release|Any CPU = Release|Any CPU
	EndGlobalSection
	GlobalSection(ProjectConfigurationPlatforms) = postSolution
		{AAD243D4-2F53-416F-8659-349F8E7B180B}.Debug|Any CPU.ActiveCfg = Debug|Any CPU
		{AAD243D4-2F53-416F-8659-349F8E7B180B}.Debug|Any CPU.Build.0 = Debug|Any CPU
		{AAD243D4-2F53-416F-8659-349F8E7B180B}.Release|Any CPU.ActiveCfg = Release|Any CPU
		{AAD243D4-2F53-416F-8659-349F8E7B180B}.Release|Any CPU.Build.0 = Release|Any CPU
		{C3122697-6101-48A7-8855-E3CDB47DCFE3}.Debug|Any CPU.ActiveCfg = Debug|Any CPU
		{C3122697-6101-48A7-8855-E3CDB47DCFE3}.Debug|Any CPU.Build.0 = Debug|Any CPU
		{C3122697-6101-48A7-8855-E3CDB47DCFE3}.Release|Any CPU.ActiveCfg = Release|Any CPU
		{C3122697-6101-48A7-8855-E3CDB47DCFE3}.Release|Any CPU.Build.0 = Release|Any CPU
	EndGlobalSection
	GlobalSection(SolutionProperties) = preSolution
		HideSolutionNode = FALSE
	EndGlobalSection
	GlobalSection(ExtensibilityGlobals) = postSolution
		SolutionGuid = {BE956557-98A6-4D5B-83C5-4425FC82DB33}
	EndGlobalSection
EndGlobal
